
Microsoft Visual Studio Solution File, Format Version 12.00
# Visual Studio Version 16
VisualStudioVersion = 16.0.30320.27
MinimumVisualStudioVersion = 10.0.40219.1
Project("{FAE04EC0-301F-11D3-BF4B-00C04F79EFBC}") = "WcfRefactoring.Service", "WcfRefactoring.Service\WcfRefactoring.Service.csproj", "{7BF1E101-0D81-4AB8-9BB3-E7EB0B53F2BF}"
EndProject
Project("{FAE04EC0-301F-11D3-BF4B-00C04F79EFBC}") = "WcfRefactoring.Contracts", "WcfRefactoring.Contracts\WcfRefactoring.Contracts.csproj", "{5F6134DA-1449-4844-AE81-3E4C7FD305A1}"
EndProject
Project("{2150E333-8FDC-42A3-9474-1A3956D46DE8}") = "Core", "Core", "{2F2A43F8-0F4E-4B10-8D98-83818901B407}"
EndProject
Project("{2150E333-8FDC-42A3-9474-1A3956D46DE8}") = "EntryPoints", "EntryPoints", "{77674F02-AFF9-475D-A186-4ACA12CB8A5A}"
EndProject
Project("{FAE04EC0-301F-11D3-BF4B-00C04F79EFBC}") = "WcfRefactoring.NetFrameworkClient", "WcfRefactoring.NetFrameworkClient\WcfRefactoring.NetFrameworkClient.csproj", "{707702A6-31D1-4799-BAE6-3197827EFCED}"
EndProject
Project("{FAE04EC0-301F-11D3-BF4B-00C04F79EFBC}") = "WcfRefactoring.NetFrameworkServer", "WcfRefactoring.NetFrameworkServer\WcfRefactoring.NetFrameworkServer.csproj", "{530CC19B-E46C-4EDC-B36F-F9ED0EED5A79}"
EndProject
Global
	GlobalSection(SolutionConfigurationPlatforms) = preSolution
		Debug|Any CPU = Debug|Any CPU
		Release|Any CPU = Release|Any CPU
	EndGlobalSection
	GlobalSection(ProjectConfigurationPlatforms) = postSolution
		{7BF1E101-0D81-4AB8-9BB3-E7EB0B53F2BF}.Debug|Any CPU.ActiveCfg = Debug|Any CPU
		{7BF1E101-0D81-4AB8-9BB3-E7EB0B53F2BF}.Debug|Any CPU.Build.0 = Debug|Any CPU
		{7BF1E101-0D81-4AB8-9BB3-E7EB0B53F2BF}.Release|Any CPU.ActiveCfg = Release|Any CPU
		{7BF1E101-0D81-4AB8-9BB3-E7EB0B53F2BF}.Release|Any CPU.Build.0 = Release|Any CPU
		{5F6134DA-1449-4844-AE81-3E4C7FD305A1}.Debug|Any CPU.ActiveCfg = Debug|Any CPU
		{5F6134DA-1449-4844-AE81-3E4C7FD305A1}.Debug|Any CPU.Build.0 = Debug|Any CPU
		{5F6134DA-1449-4844-AE81-3E4C7FD305A1}.Release|Any CPU.ActiveCfg = Release|Any CPU
		{5F6134DA-1449-4844-AE81-3E4C7FD305A1}.Release|Any CPU.Build.0 = Release|Any CPU
		{707702A6-31D1-4799-BAE6-3197827EFCED}.Debug|Any CPU.ActiveCfg = Debug|Any CPU
		{707702A6-31D1-4799-BAE6-3197827EFCED}.Debug|Any CPU.Build.0 = Debug|Any CPU
		{707702A6-31D1-4799-BAE6-3197827EFCED}.Release|Any CPU.ActiveCfg = Release|Any CPU
		{707702A6-31D1-4799-BAE6-3197827EFCED}.Release|Any CPU.Build.0 = Release|Any CPU
		{530CC19B-E46C-4EDC-B36F-F9ED0EED5A79}.Debug|Any CPU.ActiveCfg = Debug|Any CPU
		{530CC19B-E46C-4EDC-B36F-F9ED0EED5A79}.Debug|Any CPU.Build.0 = Debug|Any CPU
		{530CC19B-E46C-4EDC-B36F-F9ED0EED5A79}.Release|Any CPU.ActiveCfg = Release|Any CPU
		{530CC19B-E46C-4EDC-B36F-F9ED0EED5A79}.Release|Any CPU.Build.0 = Release|Any CPU
	EndGlobalSection
	GlobalSection(SolutionProperties) = preSolution
		HideSolutionNode = FALSE
	EndGlobalSection
	GlobalSection(NestedProjects) = preSolution
		{7BF1E101-0D81-4AB8-9BB3-E7EB0B53F2BF} = {2F2A43F8-0F4E-4B10-8D98-83818901B407}
		{5F6134DA-1449-4844-AE81-3E4C7FD305A1} = {2F2A43F8-0F4E-4B10-8D98-83818901B407}
		{707702A6-31D1-4799-BAE6-3197827EFCED} = {77674F02-AFF9-475D-A186-4ACA12CB8A5A}
		{530CC19B-E46C-4EDC-B36F-F9ED0EED5A79} = {77674F02-AFF9-475D-A186-4ACA12CB8A5A}
	EndGlobalSection
	GlobalSection(ExtensibilityGlobals) = postSolution
		SolutionGuid = {D71EB2D8-979B-4D0D-A5C7-91C9F60642F6}
	EndGlobalSection
EndGlobal
